<?xml version="1.0" encoding="utf-8"?>
<Project ToolsVersion="4.0" xmlns="http://schemas.microsoft.com/developer/msbuild/2003">
  <ItemGroup>
    <Filter Include="源文件">
      <UniqueIdentifier>{4FC737F1-C7A5-4376-A066-2A32D752A2FF}</UniqueIdentifier>
      <Extensions>cpp;c;cc;cxx;c++;cppm;ixx;def;odl;idl;hpj;bat;asm;asmx</Extensions>
    </Filter>
    <Filter Include="头文件">
      <UniqueIdentifier>{93995380-89BD-4b04-88EB-625FBE52EBFB}</UniqueIdentifier>
      <Extensions>h;hh;hpp;hxx;h++;hm;inl;inc;ipp;xsd</Extensions>
    </Filter>
    <Filter Include="资源文件">
      <UniqueIdentifier>{67DA6AB6-F800-4c08-8B7A-83BB121AAD01}</UniqueIdentifier>
      <Extensions>rc;ico;cur;bmp;dlg;rc2;rct;bin;rgs;gif;jpg;jpeg;jpe;resx;tiff;tif;png;wav;mfcribbon-ms</Extensions>
    </Filter>
    <Filter Include="头文件\MyControls">
      <UniqueIdentifier>{cbe9d062-b585-4d24-80cc-0170a51424ad}</UniqueIdentifier>
    </Filter>
    <Filter Include="头文件\DB">
      <UniqueIdentifier>{644e86a7-299a-4d3e-b6b4-fa542dec4367}</UniqueIdentifier>
    </Filter>
    <Filter Include="源文件\DB">
      <UniqueIdentifier>{9ad74f3c-c6e3-43cc-adfa-846fd85720df}</UniqueIdentifier>
    </Filter>
    <Filter Include="源文件\MyControls">
      <UniqueIdentifier>{9fe3f87d-8cb5-4c27-ae66-0b8c488f3ea2}</UniqueIdentifier>
    </Filter>
  </ItemGroup>
  <ItemGroup>
    <ClInclude Include="EX01.h">
      <Filter>头文件</Filter>
    </ClInclude>
    <ClInclude Include="EX01Dlg.h">
      <Filter>头文件</Filter>
    </ClInclude>
    <ClInclude Include="framework.h">
      <Filter>头文件</Filter>
    </ClInclude>
    <ClInclude Include="targetver.h">
      <Filter>头文件</Filter>
    </ClInclude>
    <ClInclude Include="Resource.h">
      <Filter>头文件</Filter>
    </ClInclude>
    <ClInclude Include="pch.h">
      <Filter>头文件</Filter>
    </ClInclude>
    <ClInclude Include="Oracle.h">
      <Filter>头文件\DB</Filter>
    </ClInclude>
    <ClInclude Include="MyControls.h">
      <Filter>头文件\MyControls</Filter>
    </ClInclude>
    <ClInclude Include="tool.h">
      <Filter>头文件\DB</Filter>
    </ClInclude>
    <ClInclude Include="dlgLog.h">
      <Filter>头文件</Filter>
    </ClInclude>
    <ClInclude Include="mOracle.h">
      <Filter>头文件\DB</Filter>
    </ClInclude>
    <ClInclude Include="oracleConnection.h">
      <Filter>头文件</Filter>
    </ClInclude>
  </ItemGroup>
  <ItemGroup>
    <ClCompile Include="EX01.cpp">
      <Filter>源文件</Filter>
    </ClCompile>
    <ClCompile Include="EX01Dlg.cpp">
      <Filter>源文件</Filter>
    </ClCompile>
    <ClCompile Include="pch.cpp">
      <Filter>源文件</Filter>
    </ClCompile>
    <ClCompile Include="Oracle.cpp">
      <Filter>源文件\DB</Filter>
    </ClCompile>
    <ClCompile Include="MyControls.cpp">
      <Filter>源文件\MyControls</Filter>
    </ClCompile>
    <ClCompile Include="tool.cpp">
      <Filter>源文件\DB</Filter>
    </ClCompile>
    <ClCompile Include="dlgLog.cpp">
      <Filter>源文件</Filter>
    </ClCompile>
    <ClCompile Include="oracleConnection.cpp">
      <Filter>源文件\DB</Filter>
    </ClCompile>
  </ItemGroup>
  <ItemGroup>
    <ResourceCompile Include="EX01.rc">
      <Filter>资源文件</Filter>
    </ResourceCompile>
  </ItemGroup>
  <ItemGroup>
    <None Include="res\EX01.rc2">
      <Filter>资源文件</Filter>
    </None>
  </ItemGroup>
  <ItemGroup>
    <Image Include="res\EX01.ico">
      <Filter>资源文件</Filter>
    </Image>
  </ItemGroup>
</Project>